# THIS IS AN AUTOGENERATED FILE. DO NOT EDIT THIS FILE DIRECTLY.
# yarn lockfile v1


aes-password@^1.0.5:
  version "1.0.5"
  resolved "https://registry.yarnpkg.com/aes-password/-/aes-password-1.0.5.tgz#5d488e32302500b3995fce256193c6f56a6ee590"
  integrity sha512-7lv/Sq/EaXVFEns86fVcojpp5MOrMcPSo+g3Y/d8v/0WK4RGq7jBZlWLa+E2LGGluTylDQGFNyerR5Hc2Wpnxw==
